dependencies:
  espressif/esp32-camera:
    component_hash: 2b75f6f0c987fb0e3687ccbd464cd00c163ea8cb05d2470cfb05adf6535bc488
    dependencies:
    - name: espressif/esp_jpeg
      registry_url: https://components.espressif.com
      require: public
      version: ^1.3.1
    - name: idf
      require: private
      version: '>=5.1'
    source:
      registry_url: https://components.espressif.com/
      type: service
    version: 2.1.6
  espressif/esp_jpeg:
    component_hash: defb83669293cbf86d0fa86b475ba5517aceed04ed70db435388c151ab37b5d7
    dependencies:
    - name: idf
      require: private
      version: '>=5.0'
    source:
      registry_url: https://components.espressif.com
      type: service
    version: 1.3.1
  idf:
    source:
      type: idf
    version: 5.5.1
direct_dependencies:
- espressif/esp32-camera
manifest_hash: ca388379a34ce24950aeb90a12a06b9e0cb7bd9a90190a1cb3ae22daaa08688b
target: esp32
version: 2.0.0
