dependencies:
  idf:
    component_hash: null
    source:
      type: idf
    version: 5.1.2
  protocol_examples_common:
    component_hash: null
    source:
      path: /Users/alxkeda/esp/v5.1.2/esp-idf/examples/common_components/protocol_examples_common
      type: local
    version: '*'
manifest_hash: 8c54fc269195270658ddbd10c9eb15dad0735ce770c11656fb0a5b087c56442d
target: esp32
version: 1.0.0
